
Microsoft Visual Studio Solution File, Format Version 12.00
# Visual Studio Version 17
VisualStudioVersion = 17.8.34330.188
MinimumVisualStudioVersion = 10.0.40219.1
Project("{FAE04EC0-301F-11D3-BF4B-00C04F79EFBC}") = "BookAPI", "BookAPI\BookAPI.csproj", "{2D64FE43-C926-4B99-80CF-15F0DA3DFDC4}"
EndProject
Global
	GlobalSection(SolutionConfigurationPlatforms) = preSolution
		Debug|Any CPU = Debug|Any CPU
		Release|Any CPU = Release|Any CPU
	EndGlobalSection
	GlobalSection(ProjectConfigurationPlatforms) = postSolution
		{2D64FE43-C926-4B99-80CF-15F0DA3DFDC4}.Debug|Any CPU.ActiveCfg = Debug|Any CPU
		{2D64FE43-C926-4B99-80CF-15F0DA3DFDC4}.Debug|Any CPU.Build.0 = Debug|Any CPU
		{2D64FE43-C926-4B99-80CF-15F0DA3DFDC4}.Release|Any CPU.ActiveCfg = Release|Any CPU
		{2D64FE43-C926-4B99-80CF-15F0DA3DFDC4}.Release|Any CPU.Build.0 = Release|Any CPU
	EndGlobalSection
	GlobalSection(SolutionProperties) = preSolution
		HideSolutionNode = FALSE
	EndGlobalSection
	GlobalSection(ExtensibilityGlobals) = postSolution
		SolutionGuid = {8A00C221-2BAE-44C6-BA80-DF513583177C}
	EndGlobalSection
EndGlobal
