
Microsoft Visual Studio Solution File, Format Version 12.00
# Visual Studio Version 17
VisualStudioVersion = 17.8.34330.188
MinimumVisualStudioVersion = 10.0.40219.1
Project("{9A19103F-16F7-4668-BE54-9A1E7A4F7556}") = "Book.Api", "Book.Api\Book.Api.csproj", "{2D64FE43-C926-4B99-80CF-15F0DA3DFDC4}"
EndProject
Project("{FAE04EC0-301F-11D3-BF4B-00C04F79EFBC}") = "Book.Model", "Book.Model\Book.Model.csproj", "{EF01EF6A-F872-4ED2-96EE-D578D8580F83}"
EndProject
Project("{FAE04EC0-301F-11D3-BF4B-00C04F79EFBC}") = "Book.Service", "Book.Service\Book.Service.csproj", "{18F9ECDF-BA9A-4DD0-A328-AA8E79A7CEF9}"
EndProject
Project("{FAE04EC0-301F-11D3-BF4B-00C04F79EFBC}") = "Book.Dao", "Book.Dao\Book.Dao.csproj", "{F98E6672-8C8D-48B2-83A8-4F3A4DDDE215}"
EndProject
Global
	GlobalSection(SolutionConfigurationPlatforms) = preSolution
		Debug|Any CPU = Debug|Any CPU
		Release|Any CPU = Release|Any CPU
	EndGlobalSection
	GlobalSection(ProjectConfigurationPlatforms) = postSolution
		{2D64FE43-C926-4B99-80CF-15F0DA3DFDC4}.Debug|Any CPU.ActiveCfg = Debug|Any CPU
		{2D64FE43-C926-4B99-80CF-15F0DA3DFDC4}.Debug|Any CPU.Build.0 = Debug|Any CPU
		{2D64FE43-C926-4B99-80CF-15F0DA3DFDC4}.Release|Any CPU.ActiveCfg = Release|Any CPU
		{2D64FE43-C926-4B99-80CF-15F0DA3DFDC4}.Release|Any CPU.Build.0 = Release|Any CPU
		{EF01EF6A-F872-4ED2-96EE-D578D8580F83}.Debug|Any CPU.ActiveCfg = Debug|Any CPU
		{EF01EF6A-F872-4ED2-96EE-D578D8580F83}.Debug|Any CPU.Build.0 = Debug|Any CPU
		{EF01EF6A-F872-4ED2-96EE-D578D8580F83}.Release|Any CPU.ActiveCfg = Release|Any CPU
		{EF01EF6A-F872-4ED2-96EE-D578D8580F83}.Release|Any CPU.Build.0 = Release|Any CPU
		{18F9ECDF-BA9A-4DD0-A328-AA8E79A7CEF9}.Debug|Any CPU.ActiveCfg = Debug|Any CPU
		{18F9ECDF-BA9A-4DD0-A328-AA8E79A7CEF9}.Debug|Any CPU.Build.0 = Debug|Any CPU
		{18F9ECDF-BA9A-4DD0-A328-AA8E79A7CEF9}.Release|Any CPU.ActiveCfg = Release|Any CPU
		{18F9ECDF-BA9A-4DD0-A328-AA8E79A7CEF9}.Release|Any CPU.Build.0 = Release|Any CPU
		{F98E6672-8C8D-48B2-83A8-4F3A4DDDE215}.Debug|Any CPU.ActiveCfg = Debug|Any CPU
		{F98E6672-8C8D-48B2-83A8-4F3A4DDDE215}.Debug|Any CPU.Build.0 = Debug|Any CPU
		{F98E6672-8C8D-48B2-83A8-4F3A4DDDE215}.Release|Any CPU.ActiveCfg = Release|Any CPU
		{F98E6672-8C8D-48B2-83A8-4F3A4DDDE215}.Release|Any CPU.Build.0 = Release|Any CPU
	EndGlobalSection
	GlobalSection(SolutionProperties) = preSolution
		HideSolutionNode = FALSE
	EndGlobalSection
	GlobalSection(ExtensibilityGlobals) = postSolution
		SolutionGuid = {8A00C221-2BAE-44C6-BA80-DF513583177C}
	EndGlobalSection
EndGlobal
